{
  "requires": true,
  "lockfileVersion": 1,
  "dependencies": {
    "@types/lodash": {
      "version": "3.10.1",
      "resolved": "https://registry.npmmirror.com/@types/lodash/-/lodash-3.10.1.tgz",
      "integrity": "sha512-1tojbTT6I1uOiQ/982p18YYjZ1PN/zUB2FDCMaFZXIlLoTBHEY6qIV74DDkrmVnregpKuBTGBkJb5v/UzxHyOA=="
    },
    "@types/screeps": {
      "version": "3.3.0",
      "resolved": "https://registry.npmmirror.com/@types/screeps/-/screeps-3.3.0.tgz",
      "integrity": "sha512-1Fw/U0V0INPS4rS+SpjRi3zswf5cxgwTdNVN0UksWAkuVidS/4NCCx0LHZqvOByx6kP8J+7O9z3SMzK5prz5cA=="
    }
  }
}
